
Microsoft Visual Studio Solution File, Format Version 12.00
# Visual Studio Version 16
VisualStudioVersion = 16.0.33920.266
MinimumVisualStudioVersion = 10.0.40219.1
Project("{FAE04EC0-301F-11D3-BF4B-00C04F79EFBC}") = "IT_REHENIYA", "IT_REHENIYA.csproj", "{0608BF96-EB82-490B-B6AB-B9189C499096}"
EndProject
Global
	GlobalSection(SolutionConfigurationPlatforms) = preSolution
		Debug|Any CPU = Debug|Any CPU
		Release|Any CPU = Release|Any CPU
	EndGlobalSection
	GlobalSection(ProjectConfigurationPlatforms) = postSolution
		{0608BF96-EB82-490B-B6AB-B9189C499096}.Debug|Any CPU.ActiveCfg = Debug|Any CPU
		{0608BF96-EB82-490B-B6AB-B9189C499096}.Debug|Any CPU.Build.0 = Debug|Any CPU
		{0608BF96-EB82-490B-B6AB-B9189C499096}.Release|Any CPU.ActiveCfg = Release|Any CPU
		{0608BF96-EB82-490B-B6AB-B9189C499096}.Release|Any CPU.Build.0 = Release|Any CPU
	EndGlobalSection
	GlobalSection(SolutionProperties) = preSolution
		HideSolutionNode = FALSE
	EndGlobalSection
	GlobalSection(ExtensibilityGlobals) = postSolution
		SolutionGuid = {57D9C14B-B518-4242-8EA9-2517F8867B55}
	EndGlobalSection
EndGlobal
